
Microsoft Visual Studio Solution File, Format Version 12.00
# Visual Studio Version 16
VisualStudioVersion = 16.0.30523.141
MinimumVisualStudioVersion = 10.0.40219.1
Project("{FAE04EC0-301F-11D3-BF4B-00C04F79EFBC}") = "App", "App\App.csproj", "{9EB7BA82-DDCB-4B28-B680-4B3518E3DE58}"
EndProject
Project("{FAE04EC0-301F-11D3-BF4B-00C04F79EFBC}") = "Subscriber", "Subscriber\Subscriber.csproj", "{F5027A93-B033-4AAB-8B3F-0C5FCADAD977}"
EndProject
Global
	GlobalSection(SolutionConfigurationPlatforms) = preSolution
		Debug|Any CPU = Debug|Any CPU
		Release|Any CPU = Release|Any CPU
	EndGlobalSection
	GlobalSection(ProjectConfigurationPlatforms) = postSolution
		{9EB7BA82-DDCB-4B28-B680-4B3518E3DE58}.Debug|Any CPU.ActiveCfg = Debug|Any CPU
		{9EB7BA82-DDCB-4B28-B680-4B3518E3DE58}.Debug|Any CPU.Build.0 = Debug|Any CPU
		{9EB7BA82-DDCB-4B28-B680-4B3518E3DE58}.Release|Any CPU.ActiveCfg = Release|Any CPU
		{9EB7BA82-DDCB-4B28-B680-4B3518E3DE58}.Release|Any CPU.Build.0 = Release|Any CPU
		{F5027A93-B033-4AAB-8B3F-0C5FCADAD977}.Debug|Any CPU.ActiveCfg = Debug|Any CPU
		{F5027A93-B033-4AAB-8B3F-0C5FCADAD977}.Debug|Any CPU.Build.0 = Debug|Any CPU
		{F5027A93-B033-4AAB-8B3F-0C5FCADAD977}.Release|Any CPU.ActiveCfg = Release|Any CPU
		{F5027A93-B033-4AAB-8B3F-0C5FCADAD977}.Release|Any CPU.Build.0 = Release|Any CPU
	EndGlobalSection
	GlobalSection(SolutionProperties) = preSolution
		HideSolutionNode = FALSE
	EndGlobalSection
	GlobalSection(ExtensibilityGlobals) = postSolution
		SolutionGuid = {43D7F357-F1C0-47F8-8A1B-CC8FD201D249}
	EndGlobalSection
EndGlobal
